// !$*UTF8*$!
{
	archiveVersion = 1;
	classes = {
	};
	objectVersion = 55;
	objects = {

/* Begin PBXBuildFile section */
		E128C7A127D0F8C300FE2C82 /* A_1_Home_News ViewController.swift in Sources */ = {isa = PBXBuildFile; fileRef = E128C7A027D0F8C300FE2C82 /* A_1_Home_News ViewController.swift */; };
		E133B98227B2027800D8005E /* FirebaseStorage in Frameworks */ = {isa = PBXBuildFile; productRef = E133B98127B2027800D8005E /* FirebaseStorage */; };
		E133B98427B2027800D8005E /* FirebaseStorageCombine-Community in Frameworks */ = {isa = PBXBuildFile; productRef = E133B98327B2027800D8005E /* FirebaseStorageCombine-Community */; };
		E133B98627B2027800D8005E /* FirebaseStorageSwift-Beta in Frameworks */ = {isa = PBXBuildFile; productRef = E133B98527B2027800D8005E /* FirebaseStorageSwift-Beta */; };
		E136CCE827523D0B00F45887 /* FirebaseAnalytics in Frameworks */ = {isa = PBXBuildFile; productRef = E136CCE727523D0B00F45887 /* FirebaseAnalytics */; };
		E136CCEA27523D0B00F45887 /* FirebaseAuth in Frameworks */ = {isa = PBXBuildFile; productRef = E136CCE927523D0B00F45887 /* FirebaseAuth */; };
		E14C034D2764BB1B00E8BC9F /* Login_1-5 ViewController.swift in Sources */ = {isa = PBXBuildFile; fileRef = E14C034C2764BB1B00E8BC9F /* Login_1-5 ViewController.swift */; };
		E14C034F2764BB2B00E8BC9F /* Login_1-6 ViewController.swift in Sources */ = {isa = PBXBuildFile; fileRef = E14C034E2764BB2B00E8BC9F /* Login_1-6 ViewController.swift */; };
		E188ACA127A96C4F006EF289 /* A_2_Dish_List TableViewCell VC.swift in Sources */ = {isa = PBXBuildFile; fileRef = E188ACA027A96C4F006EF289 /* A_2_Dish_List TableViewCell VC.swift */; };
		E1A7349327B10FE70073D899 /* FirebaseFirestore in Frameworks */ = {isa = PBXBuildFile; productRef = E1A7349227B10FE70073D899 /* FirebaseFirestore */; };
		E1B48D3127957E6700EA682A /* GoogleService-Info.plist in Resources */ = {isa = PBXBuildFile; fileRef = E1B48D3027957E6700EA682A /* GoogleService-Info.plist */; };
		E1B48D332798DAD100EA682A /* Tabbar ViewController.swift in Sources */ = {isa = PBXBuildFile; fileRef = E1B48D322798DAD100EA682A /* Tabbar ViewController.swift */; };
		E1F00FB8272D4F0300F1C3FA /* AppDelegate.swift in Sources */ = {isa = PBXBuildFile; fileRef = E1F00FB7272D4F0300F1C3FA /* AppDelegate.swift */; };
		E1F00FBA272D4F0300F1C3FA /* SceneDelegate.swift in Sources */ = {isa = PBXBuildFile; fileRef = E1F00FB9272D4F0300F1C3FA /* SceneDelegate.swift */; };
		E1F00FBF272D4F0300F1C3FA /* Main.storyboard in Resources */ = {isa = PBXBuildFile; fileRef = E1F00FBD272D4F0300F1C3FA /* Main.storyboard */; };
		E1F00FC1272D4F0900F1C3FA /* Assets.xcassets in Resources */ = {isa = PBXBuildFile; fileRef = E1F00FC0272D4F0900F1C3FA /* Assets.xcassets */; };
		E1F00FC4272D4F0900F1C3FA /* LaunchScreen.storyboard in Resources */ = {isa = PBXBuildFile; fileRef = E1F00FC2272D4F0900F1C3FA /* LaunchScreen.storyboard */; };
		E1FC51042753078000E4C761 /* Login_0 ViewController.swift in Sources */ = {isa = PBXBuildFile; fileRef = E1FC51032753078000E4C761 /* Login_0 ViewController.swift */; };
		E1FC5106275307B200E4C761 /* Login_1-1 ViewController.swift in Sources */ = {isa = PBXBuildFile; fileRef = E1FC5105275307B200E4C761 /* Login_1-1 ViewController.swift */; };
		E1FC5108275307EA00E4C761 /* Login_1-2 ViewController.swift in Sources */ = {isa = PBXBuildFile; fileRef = E1FC5107275307EA00E4C761 /* Login_1-2 ViewController.swift */; };
		E1FC510A275307FA00E4C761 /* Login_1-3 ViewController.swift in Sources */ = {isa = PBXBuildFile; fileRef = E1FC5109275307FA00E4C761 /* Login_1-3 ViewController.swift */; };
		E1FC510C2753081300E4C761 /* Login_1-4 ViewController.swift in Sources */ = {isa = PBXBuildFile; fileRef = E1FC510B2753081300E4C761 /* Login_1-4 ViewController.swift */; };
		E1FC510E2753082200E4C761 /* Login_2-1 ViewController.swift in Sources */ = {isa = PBXBuildFile; fileRef = E1FC510D2753082200E4C761 /* Login_2-1 ViewController.swift */; };
		E1FC51102753082D00E4C761 /* Login_2-2 ViewController.swift in Sources */ = {isa = PBXBuildFile; fileRef = E1FC510F2753082D00E4C761 /* Login_2-2 ViewController.swift */; };
		E1FC51122753083B00E4C761 /* Login_3 ViewController.swift in Sources */ = {isa = PBXBuildFile; fileRef = E1FC51112753083B00E4C761 /* Login_3 ViewController.swift */; };
		E1FC51142753089200E4C761 /* A_1_Home_Top ViewController.swift in Sources */ = {isa = PBXBuildFile; fileRef = E1FC51132753089200E4C761 /* A_1_Home_Top ViewController.swift */; };
		E1FC5116275308CF00E4C761 /* A_1_Home_Setting ViewController.swift in Sources */ = {isa = PBXBuildFile; fileRef = E1FC5115275308CF00E4C761 /* A_1_Home_Setting ViewController.swift */; };
		E1FC51182753090C00E4C761 /* A_2_Dish_List ViewController.swift in Sources */ = {isa = PBXBuildFile; fileRef = E1FC51172753090B00E4C761 /* A_2_Dish_List ViewController.swift */; };
		E1FC511A2753091900E4C761 /* A_2_Dish_Detail ViewController.swift in Sources */ = {isa = PBXBuildFile; fileRef = E1FC51192753091900E4C761 /* A_2_Dish_Detail ViewController.swift */; };
		E1FC511C2753092900E4C761 /* A_2_Dish_Add ViewController.swift in Sources */ = {isa = PBXBuildFile; fileRef = E1FC511B2753092900E4C761 /* A_2_Dish_Add ViewController.swift */; };
		E1FC511E2753096C00E4C761 /* A_3_Send_1 ViewController.swift in Sources */ = {isa = PBXBuildFile; fileRef = E1FC511D2753096C00E4C761 /* A_3_Send_1 ViewController.swift */; };
		E1FC51202753099C00E4C761 /* C_1_Menu_Top ViewController.swift in Sources */ = {isa = PBXBuildFile; fileRef = E1FC511F2753099C00E4C761 /* C_1_Menu_Top ViewController.swift */; };
		E1FC5122275309A900E4C761 /* C_1_Menu_Setting ViewController.swift in Sources */ = {isa = PBXBuildFile; fileRef = E1FC5121275309A900E4C761 /* C_1_Menu_Setting ViewController.swift */; };
/* End PBXBuildFile section */

/* Begin PBXFileReference section */
		E128C7A027D0F8C300FE2C82 /* A_1_Home_News ViewController.swift */ = {isa = PBXFileReference; lastKnownFileType = sourcecode.swift; path = "A_1_Home_News ViewController.swift"; sourceTree = "<group>"; };
		E14C034C2764BB1B00E8BC9F /* Login_1-5 ViewController.swift */ = {isa = PBXFileReference; lastKnownFileType = sourcecode.swift; path = "Login_1-5 ViewController.swift"; sourceTree = "<group>"; };
		E14C034E2764BB2B00E8BC9F /* Login_1-6 ViewController.swift */ = {isa = PBXFileReference; lastKnownFileType = sourcecode.swift; path = "Login_1-6 ViewController.swift"; sourceTree = "<group>"; };
		E188ACA027A96C4F006EF289 /* A_2_Dish_List TableViewCell VC.swift */ = {isa = PBXFileReference; lastKnownFileType = sourcecode.swift; path = "A_2_Dish_List TableViewCell VC.swift"; sourceTree = "<group>"; };
		E1B48D3027957E6700EA682A /* GoogleService-Info.plist */ = {isa = PBXFileReference; lastKnownFileType = text.plist; path = "GoogleService-Info.plist"; sourceTree = SOURCE_ROOT; };
		E1B48D322798DAD100EA682A /* Tabbar ViewController.swift */ = {isa = PBXFileReference; lastKnownFileType = sourcecode.swift; path = "Tabbar ViewController.swift"; sourceTree = "<group>"; };
		E1F00FB4272D4F0300F1C3FA /* dish-management.app */ = {isa = PBXFileReference; explicitFileType = wrapper.application; includeInIndex = 0; path = "dish-management.app"; sourceTree = BUILT_PRODUCTS_DIR; };
		E1F00FB7272D4F0300F1C3FA /* AppDelegate.swift */ = {isa = PBXFileReference; lastKnownFileType = sourcecode.swift; path = AppDelegate.swift; sourceTree = "<group>"; };
		E1F00FB9272D4F0300F1C3FA /* SceneDelegate.swift */ = {isa = PBXFileReference; lastKnownFileType = sourcecode.swift; path = SceneDelegate.swift; sourceTree = "<group>"; };
		E1F00FBE272D4F0300F1C3FA /* Base */ = {isa = PBXFileReference; lastKnownFileType = file.storyboard; name = Base; path = Base.lproj/Main.storyboard; sourceTree = "<group>"; };
		E1F00FC0272D4F0900F1C3FA /* Assets.xcassets */ = {isa = PBXFileReference; lastKnownFileType = folder.assetcatalog; path = Assets.xcassets; sourceTree = "<group>"; };
		E1F00FC3272D4F0900F1C3FA /* Base */ = {isa = PBXFileReference; lastKnownFileType = file.storyboard; name = Base; path = Base.lproj/LaunchScreen.storyboard; sourceTree = "<group>"; };
		E1F00FC5272D4F0900F1C3FA /* Info.plist */ = {isa = PBXFileReference; lastKnownFileType = text.plist.xml; path = Info.plist; sourceTree = "<group>"; };
		E1FC51032753078000E4C761 /* Login_0 ViewController.swift */ = {isa = PBXFileReference; lastKnownFileType = sourcecode.swift; path = "Login_0 ViewController.swift"; sourceTree = "<group>"; };
		E1FC5105275307B200E4C761 /* Login_1-1 ViewController.swift */ = {isa = PBXFileReference; lastKnownFileType = sourcecode.swift; path = "Login_1-1 ViewController.swift"; sourceTree = "<group>"; };
		E1FC5107275307EA00E4C761 /* Login_1-2 ViewController.swift */ = {isa = PBXFileReference; lastKnownFileType = sourcecode.swift; path = "Login_1-2 ViewController.swift"; sourceTree = "<group>"; };
		E1FC5109275307FA00E4C761 /* Login_1-3 ViewController.swift */ = {isa = PBXFileReference; lastKnownFileType = sourcecode.swift; path = "Login_1-3 ViewController.swift"; sourceTree = "<group>"; };
		E1FC510B2753081300E4C761 /* Login_1-4 ViewController.swift */ = {isa = PBXFileReference; lastKnownFileType = sourcecode.swift; path = "Login_1-4 ViewController.swift"; sourceTree = "<group>"; };
		E1FC510D2753082200E4C761 /* Login_2-1 ViewController.swift */ = {isa = PBXFileReference; lastKnownFileType = sourcecode.swift; path = "Login_2-1 ViewController.swift"; sourceTree = "<group>"; };
		E1FC510F2753082D00E4C761 /* Login_2-2 ViewController.swift */ = {isa = PBXFileReference; lastKnownFileType = sourcecode.swift; path = "Login_2-2 ViewController.swift"; sourceTree = "<group>"; };
		E1FC51112753083B00E4C761 /* Login_3 ViewController.swift */ = {isa = PBXFileReference; lastKnownFileType = sourcecode.swift; path = "Login_3 ViewController.swift"; sourceTree = "<group>"; };
		E1FC51132753089200E4C761 /* A_1_Home_Top ViewController.swift */ = {isa = PBXFileReference; lastKnownFileType = sourcecode.swift; path = "A_1_Home_Top ViewController.swift"; sourceTree = "<group>"; };
		E1FC5115275308CF00E4C761 /* A_1_Home_Setting ViewController.swift */ = {isa = PBXFileReference; lastKnownFileType = sourcecode.swift; path = "A_1_Home_Setting ViewController.swift"; sourceTree = "<group>"; };
		E1FC51172753090B00E4C761 /* A_2_Dish_List ViewController.swift */ = {isa = PBXFileReference; lastKnownFileType = sourcecode.swift; path = "A_2_Dish_List ViewController.swift"; sourceTree = "<group>"; };
		E1FC51192753091900E4C761 /* A_2_Dish_Detail ViewController.swift */ = {isa = PBXFileReference; lastKnownFileType = sourcecode.swift; path = "A_2_Dish_Detail ViewController.swift"; sourceTree = "<group>"; };
		E1FC511B2753092900E4C761 /* A_2_Dish_Add ViewController.swift */ = {isa = PBXFileReference; lastKnownFileType = sourcecode.swift; path = "A_2_Dish_Add ViewController.swift"; sourceTree = "<group>"; };
		E1FC511D2753096C00E4C761 /* A_3_Send_1 ViewController.swift */ = {isa = PBXFileReference; lastKnownFileType = sourcecode.swift; path = "A_3_Send_1 ViewController.swift"; sourceTree = "<group>"; };
		E1FC511F2753099C00E4C761 /* C_1_Menu_Top ViewController.swift */ = {isa = PBXFileReference; lastKnownFileType = sourcecode.swift; path = "C_1_Menu_Top ViewController.swift"; sourceTree = "<group>"; };
		E1FC5121275309A900E4C761 /* C_1_Menu_Setting ViewController.swift */ = {isa = PBXFileReference; lastKnownFileType = sourcecode.swift; path = "C_1_Menu_Setting ViewController.swift"; sourceTree = "<group>"; };
/* End PBXFileReference section */

/* Begin PBXFrameworksBuildPhase section */
		E1F00FB1272D4F0300F1C3FA /* Frameworks */ = {
			isa = PBXFrameworksBuildPhase;
			buildActionMask = 2147483647;
			files = (
				E136CCE827523D0B00F45887 /* FirebaseAnalytics in Frameworks */,
				E133B98227B2027800D8005E /* FirebaseStorage in Frameworks */,
				E133B98427B2027800D8005E /* FirebaseStorageCombine-Community in Frameworks */,
				E136CCEA27523D0B00F45887 /* FirebaseAuth in Frameworks */,
				E1A7349327B10FE70073D899 /* FirebaseFirestore in Frameworks */,
				E133B98627B2027800D8005E /* FirebaseStorageSwift-Beta in Frameworks */,
			);
			runOnlyForDeploymentPostprocessing = 0;
		};
/* End PBXFrameworksBuildPhase section */

/* Begin PBXGroup section */
		E1A7349127B10FE70073D899 /* Frameworks */ = {
			isa = PBXGroup;
			children = (
			);
			name = Frameworks;
			sourceTree = "<group>";
		};
		E1F00FAB272D4F0300F1C3FA = {
			isa = PBXGroup;
			children = (
				E1F00FB6272D4F0300F1C3FA /* dish-management */,
				E1F00FB5272D4F0300F1C3FA /* Products */,
				E1A7349127B10FE70073D899 /* Frameworks */,
			);
			sourceTree = "<group>";
		};
		E1F00FB5272D4F0300F1C3FA /* Products */ = {
			isa = PBXGroup;
			children = (
				E1F00FB4272D4F0300F1C3FA /* dish-management.app */,
			);
			name = Products;
			sourceTree = "<group>";
		};
		E1F00FB6272D4F0300F1C3FA /* dish-management */ = {
			isa = PBXGroup;
			children = (
				E1F00FC0272D4F0900F1C3FA /* Assets.xcassets */,
				E1F00FB7272D4F0300F1C3FA /* AppDelegate.swift */,
				E1F00FB9272D4F0300F1C3FA /* SceneDelegate.swift */,
				E1FC51032753078000E4C761 /* Login_0 ViewController.swift */,
				E1FC5105275307B200E4C761 /* Login_1-1 ViewController.swift */,
				E1FC5107275307EA00E4C761 /* Login_1-2 ViewController.swift */,
				E1FC5109275307FA00E4C761 /* Login_1-3 ViewController.swift */,
				E1FC510B2753081300E4C761 /* Login_1-4 ViewController.swift */,
				E14C034C2764BB1B00E8BC9F /* Login_1-5 ViewController.swift */,
				E14C034E2764BB2B00E8BC9F /* Login_1-6 ViewController.swift */,
				E1FC510D2753082200E4C761 /* Login_2-1 ViewController.swift */,
				E1FC510F2753082D00E4C761 /* Login_2-2 ViewController.swift */,
				E1FC51112753083B00E4C761 /* Login_3 ViewController.swift */,
				E1FC51132753089200E4C761 /* A_1_Home_Top ViewController.swift */,
				E1FC5115275308CF00E4C761 /* A_1_Home_Setting ViewController.swift */,
				E128C7A027D0F8C300FE2C82 /* A_1_Home_News ViewController.swift */,
				E1FC51172753090B00E4C761 /* A_2_Dish_List ViewController.swift */,
				E188ACA027A96C4F006EF289 /* A_2_Dish_List TableViewCell VC.swift */,
				E1FC51192753091900E4C761 /* A_2_Dish_Detail ViewController.swift */,
				E1FC511B2753092900E4C761 /* A_2_Dish_Add ViewController.swift */,
				E1FC511D2753096C00E4C761 /* A_3_Send_1 ViewController.swift */,
				E1FC511F2753099C00E4C761 /* C_1_Menu_Top ViewController.swift */,
				E1FC5121275309A900E4C761 /* C_1_Menu_Setting ViewController.swift */,
				E1B48D322798DAD100EA682A /* Tabbar ViewController.swift */,
				E1F00FBD272D4F0300F1C3FA /* Main.storyboard */,
				E1F00FC2272D4F0900F1C3FA /* LaunchScreen.storyboard */,
				E1F00FC5272D4F0900F1C3FA /* Info.plist */,
				E1B48D3027957E6700EA682A /* GoogleService-Info.plist */,
			);
			path = "dish-management";
			sourceTree = "<group>";
		};
/* End PBXGroup section */

/* Begin PBXNativeTarget section */
		E1F00FB3272D4F0300F1C3FA /* dish-management */ = {
			isa = PBXNativeTarget;
			buildConfigurationList = E1F00FC8272D4F0900F1C3FA /* Build configuration list for PBXNativeTarget "dish-management" */;
			buildPhases = (
				E1F00FB0272D4F0300F1C3FA /* Sources */,
				E1F00FB1272D4F0300F1C3FA /* Frameworks */,
				E1F00FB2272D4F0300F1C3FA /* Resources */,
			);
			buildRules = (
			);
			dependencies = (
			);
			name = "dish-management";
			packageProductDependencies = (
				E136CCE727523D0B00F45887 /* FirebaseAnalytics */,
				E136CCE927523D0B00F45887 /* FirebaseAuth */,
				E1A7349227B10FE70073D899 /* FirebaseFirestore */,
				E133B98127B2027800D8005E /* FirebaseStorage */,
				E133B98327B2027800D8005E /* FirebaseStorageCombine-Community */,
				E133B98527B2027800D8005E /* FirebaseStorageSwift-Beta */,
			);
			productName = "dish-management";
			productReference = E1F00FB4272D4F0300F1C3FA /* dish-management.app */;
			productType = "com.apple.product-type.application";
		};
/* End PBXNativeTarget section */

/* Begin PBXProject section */
		E1F00FAC272D4F0300F1C3FA /* Project object */ = {
			isa = PBXProject;
			attributes = {
				BuildIndependentTargetsInParallel = 1;
				LastSwiftUpdateCheck = 1300;
				LastUpgradeCheck = 1300;
				TargetAttributes = {
					E1F00FB3272D4F0300F1C3FA = {
						CreatedOnToolsVersion = 13.0;
					};
				};
			};
			buildConfigurationList = E1F00FAF272D4F0300F1C3FA /* Build configuration list for PBXProject "dish-management" */;
			compatibilityVersion = "Xcode 13.0";
			developmentRegion = en;
			hasScannedForEncodings = 0;
			knownRegions = (
				en,
				Base,
				ja,
			);
			mainGroup = E1F00FAB272D4F0300F1C3FA;
			packageReferences = (
				E136CCE627523D0B00F45887 /* XCRemoteSwiftPackageReference "firebase-ios-sdk" */,
			);
			productRefGroup = E1F00FB5272D4F0300F1C3FA /* Products */;
			projectDirPath = "";
			projectRoot = "";
			targets = (
				E1F00FB3272D4F0300F1C3FA /* dish-management */,
			);
		};
/* End PBXProject section */

/* Begin PBXResourcesBuildPhase section */
		E1F00FB2272D4F0300F1C3FA /* Resources */ = {
			isa = PBXResourcesBuildPhase;
			buildActionMask = 2147483647;
			files = (
				E1F00FC4272D4F0900F1C3FA /* LaunchScreen.storyboard in Resources */,
				E1B48D3127957E6700EA682A /* GoogleService-Info.plist in Resources */,
				E1F00FC1272D4F0900F1C3FA /* Assets.xcassets in Resources */,
				E1F00FBF272D4F0300F1C3FA /* Main.storyboard in Resources */,
			);
			runOnlyForDeploymentPostprocessing = 0;
		};
/* End PBXResourcesBuildPhase section */

/* Begin PBXSourcesBuildPhase section */
		E1F00FB0272D4F0300F1C3FA /* Sources */ = {
			isa = PBXSourcesBuildPhase;
			buildActionMask = 2147483647;
			files = (
				E1FC51182753090C00E4C761 /* A_2_Dish_List ViewController.swift in Sources */,
				E1FC510A275307FA00E4C761 /* Login_1-3 ViewController.swift in Sources */,
				E1FC5108275307EA00E4C761 /* Login_1-2 ViewController.swift in Sources */,
				E128C7A127D0F8C300FE2C82 /* A_1_Home_News ViewController.swift in Sources */,
				E1FC51142753089200E4C761 /* A_1_Home_Top ViewController.swift in Sources */,
				E1FC511E2753096C00E4C761 /* A_3_Send_1 ViewController.swift in Sources */,
				E1FC511C2753092900E4C761 /* A_2_Dish_Add ViewController.swift in Sources */,
				E1FC51202753099C00E4C761 /* C_1_Menu_Top ViewController.swift in Sources */,
				E1FC510C2753081300E4C761 /* Login_1-4 ViewController.swift in Sources */,
				E1B48D332798DAD100EA682A /* Tabbar ViewController.swift in Sources */,
				E1FC5116275308CF00E4C761 /* A_1_Home_Setting ViewController.swift in Sources */,
				E1FC5106275307B200E4C761 /* Login_1-1 ViewController.swift in Sources */,
				E1F00FB8272D4F0300F1C3FA /* AppDelegate.swift in Sources */,
				E1FC511A2753091900E4C761 /* A_2_Dish_Detail ViewController.swift in Sources */,
				E1FC51122753083B00E4C761 /* Login_3 ViewController.swift in Sources */,
				E14C034D2764BB1B00E8BC9F /* Login_1-5 ViewController.swift in Sources */,
				E188ACA127A96C4F006EF289 /* A_2_Dish_List TableViewCell VC.swift in Sources */,
				E1FC51042753078000E4C761 /* Login_0 ViewController.swift in Sources */,
				E1FC510E2753082200E4C761 /* Login_2-1 ViewController.swift in Sources */,
				E14C034F2764BB2B00E8BC9F /* Login_1-6 ViewController.swift in Sources */,
				E1F00FBA272D4F0300F1C3FA /* SceneDelegate.swift in Sources */,
				E1FC5122275309A900E4C761 /* C_1_Menu_Setting ViewController.swift in Sources */,
				E1FC51102753082D00E4C761 /* Login_2-2 ViewController.swift in Sources */,
			);
			runOnlyForDeploymentPostprocessing = 0;
		};
/* End PBXSourcesBuildPhase section */

/* Begin PBXVariantGroup section */
		E1F00FBD272D4F0300F1C3FA /* Main.storyboard */ = {
			isa = PBXVariantGroup;
			children = (
				E1F00FBE272D4F0300F1C3FA /* Base */,
			);
			name = Main.storyboard;
			sourceTree = "<group>";
		};
		E1F00FC2272D4F0900F1C3FA /* LaunchScreen.storyboard */ = {
			isa = PBXVariantGroup;
			children = (
				E1F00FC3272D4F0900F1C3FA /* Base */,
			);
			name = LaunchScreen.storyboard;
			sourceTree = "<group>";
		};
/* End PBXVariantGroup section */

/* Begin XCBuildConfiguration section */
		E1F00FC6272D4F0900F1C3FA /* Debug */ = {
			isa = XCBuildConfiguration;
			buildSettings = {
				ALWAYS_SEARCH_USER_PATHS = NO;
				CLANG_ANALYZER_LOCALIZABILITY_NONLOCALIZED = YES;
				CLANG_ANALYZER_NONNULL = YES;
				CLANG_ANALYZER_NUMBER_OBJECT_CONVERSION = YES_AGGRESSIVE;
				CLANG_CXX_LANGUAGE_STANDARD = "gnu++17";
				CLANG_CXX_LIBRARY = "libc++";
				CLANG_ENABLE_MODULES = YES;
				CLANG_ENABLE_OBJC_ARC = YES;
				CLANG_ENABLE_OBJC_WEAK = YES;
				CLANG_WARN_BLOCK_CAPTURE_AUTORELEASING = YES;
				CLANG_WARN_BOOL_CONVERSION = YES;
				CLANG_WARN_COMMA = YES;
				CLANG_WARN_CONSTANT_CONVERSION = YES;
				CLANG_WARN_DEPRECATED_OBJC_IMPLEMENTATIONS = YES;
				CLANG_WARN_DIRECT_OBJC_ISA_USAGE = YES_ERROR;
				CLANG_WARN_DOCUMENTATION_COMMENTS = YES;
				CLANG_WARN_EMPTY_BODY = YES;
				CLANG_WARN_ENUM_CONVERSION = YES;
				CLANG_WARN_INFINITE_RECURSION = YES;
				CLANG_WARN_INT_CONVERSION = YES;
				CLANG_WARN_NON_LITERAL_NULL_CONVERSION = YES;
				CLANG_WARN_OBJC_IMPLICIT_RETAIN_SELF = YES;
				CLANG_WARN_OBJC_LITERAL_CONVERSION = YES;
				CLANG_WARN_OBJC_ROOT_CLASS = YES_ERROR;
				CLANG_WARN_QUOTED_INCLUDE_IN_FRAMEWORK_HEADER = YES;
				CLANG_WARN_RANGE_LOOP_ANALYSIS = YES;
				CLANG_WARN_STRICT_PROTOTYPES = YES;
				CLANG_WARN_SUSPICIOUS_MOVE = YES;
				CLANG_WARN_UNGUARDED_AVAILABILITY = YES_AGGRESSIVE;
				CLANG_WARN_UNREACHABLE_CODE = YES;
				CLANG_WARN__DUPLICATE_METHOD_MATCH = YES;
				COPY_PHASE_STRIP = NO;
				DEBUG_INFORMATION_FORMAT = dwarf;
				ENABLE_STRICT_OBJC_MSGSEND = YES;
				ENABLE_TESTABILITY = YES;
				GCC_C_LANGUAGE_STANDARD = gnu11;
				GCC_DYNAMIC_NO_PIC = NO;
				GCC_NO_COMMON_BLOCKS = YES;
				GCC_OPTIMIZATION_LEVEL = 0;
				GCC_PREPROCESSOR_DEFINITIONS = (
					"DEBUG=1",
					"$(inherited)",
				);
				GCC_WARN_64_TO_32_BIT_CONVERSION = YES;
				GCC_WARN_ABOUT_RETURN_TYPE = YES_ERROR;
				GCC_WARN_UNDECLARED_SELECTOR = YES;
				GCC_WARN_UNINITIALIZED_AUTOS = YES_AGGRESSIVE;
				GCC_WARN_UNUSED_FUNCTION = YES;
				GCC_WARN_UNUSED_VARIABLE = YES;
				IPHONEOS_DEPLOYMENT_TARGET = 15.0;
				MTL_ENABLE_DEBUG_INFO = INCLUDE_SOURCE;
				MTL_FAST_MATH = YES;
				ONLY_ACTIVE_ARCH = YES;
				SDKROOT = iphoneos;
				SWIFT_ACTIVE_COMPILATION_CONDITIONS = DEBUG;
				SWIFT_OPTIMIZATION_LEVEL = "-Onone";
			};
			name = Debug;
		};
		E1F00FC7272D4F0900F1C3FA /* Release */ = {
			isa = XCBuildConfiguration;
			buildSettings = {
				ALWAYS_SEARCH_USER_PATHS = NO;
				CLANG_ANALYZER_LOCALIZABILITY_NONLOCALIZED = YES;
				CLANG_ANALYZER_NONNULL = YES;
				CLANG_ANALYZER_NUMBER_OBJECT_CONVERSION = YES_AGGRESSIVE;
				CLANG_CXX_LANGUAGE_STANDARD = "gnu++17";
				CLANG_CXX_LIBRARY = "libc++";
				CLANG_ENABLE_MODULES = YES;
				CLANG_ENABLE_OBJC_ARC = YES;
				CLANG_ENABLE_OBJC_WEAK = YES;
				CLANG_WARN_BLOCK_CAPTURE_AUTORELEASING = YES;
				CLANG_WARN_BOOL_CONVERSION = YES;
				CLANG_WARN_COMMA = YES;
				CLANG_WARN_CONSTANT_CONVERSION = YES;
				CLANG_WARN_DEPRECATED_OBJC_IMPLEMENTATIONS = YES;
				CLANG_WARN_DIRECT_OBJC_ISA_USAGE = YES_ERROR;
				CLANG_WARN_DOCUMENTATION_COMMENTS = YES;
				CLANG_WARN_EMPTY_BODY = YES;
				CLANG_WARN_ENUM_CONVERSION = YES;
				CLANG_WARN_INFINITE_RECURSION = YES;
				CLANG_WARN_INT_CONVERSION = YES;
				CLANG_WARN_NON_LITERAL_NULL_CONVERSION = YES;
				CLANG_WARN_OBJC_IMPLICIT_RETAIN_SELF = YES;
				CLANG_WARN_OBJC_LITERAL_CONVERSION = YES;
				CLANG_WARN_OBJC_ROOT_CLASS = YES_ERROR;
				CLANG_WARN_QUOTED_INCLUDE_IN_FRAMEWORK_HEADER = YES;
				CLANG_WARN_RANGE_LOOP_ANALYSIS = YES;
				CLANG_WARN_STRICT_PROTOTYPES = YES;
				CLANG_WARN_SUSPICIOUS_MOVE = YES;
				CLANG_WARN_UNGUARDED_AVAILABILITY = YES_AGGRESSIVE;
				CLANG_WARN_UNREACHABLE_CODE = YES;
				CLANG_WARN__DUPLICATE_METHOD_MATCH = YES;
				COPY_PHASE_STRIP = NO;
				DEBUG_INFORMATION_FORMAT = "dwarf-with-dsym";
				ENABLE_NS_ASSERTIONS = NO;
				ENABLE_STRICT_OBJC_MSGSEND = YES;
				GCC_C_LANGUAGE_STANDARD = gnu11;
				GCC_NO_COMMON_BLOCKS = YES;
				GCC_WARN_64_TO_32_BIT_CONVERSION = YES;
				GCC_WARN_ABOUT_RETURN_TYPE = YES_ERROR;
				GCC_WARN_UNDECLARED_SELECTOR = YES;
				GCC_WARN_UNINITIALIZED_AUTOS = YES_AGGRESSIVE;
				GCC_WARN_UNUSED_FUNCTION = YES;
				GCC_WARN_UNUSED_VARIABLE = YES;
				IPHONEOS_DEPLOYMENT_TARGET = 15.0;
				MTL_ENABLE_DEBUG_INFO = NO;
				MTL_FAST_MATH = YES;
				SDKROOT = iphoneos;
				SWIFT_COMPILATION_MODE = wholemodule;
				SWIFT_OPTIMIZATION_LEVEL = "-O";
				VALIDATE_PRODUCT = YES;
			};
			name = Release;
		};
		E1F00FC9272D4F0900F1C3FA /* Debug */ = {
			isa = XCBuildConfiguration;
			buildSettings = {
				ASSETCATALOG_COMPILER_APPICON_NAME = AppIcon;
				ASSETCATALOG_COMPILER_GLOBAL_ACCENT_COLOR_NAME = AccentColor;
				CODE_SIGN_STYLE = Automatic;
				CURRENT_PROJECT_VERSION = 3;
				DEVELOPMENT_TEAM = AX9FAU44AC;
				GENERATE_INFOPLIST_FILE = YES;
				INFOPLIST_FILE = "dish-management/Info.plist";
				INFOPLIST_KEY_CFBundleDisplayName = "つくろく";
				INFOPLIST_KEY_NSPhotoLibraryUsageDescription = "おかずリストに写真を表示するために利用します。\\nアプリを正常に動作させるには、写真へのアクセスを許可してください。";
				INFOPLIST_KEY_UIApplicationSupportsIndirectInputEvents = YES;
				INFOPLIST_KEY_UILaunchStoryboardName = LaunchScreen;
				INFOPLIST_KEY_UIMainStoryboardFile = Main;
				INFOPLIST_KEY_UISupportedInterfaceOrientations = UIInterfaceOrientationPortrait;
				INFOPLIST_KEY_UISupportedInterfaceOrientations_iPad = UIInterfaceOrientationPortrait;
				INFOPLIST_KEY_UISupportedInterfaceOrientations_iPhone = "UIInterfaceOrientationPortrait UIInterfaceOrientationLandscapeLeft UIInterfaceOrientationLandscapeRight";
				INFOPLIST_KEY_UIUserInterfaceStyle = Light;
				IPHONEOS_DEPLOYMENT_TARGET = 13.0;
				LD_RUNPATH_SEARCH_PATHS = (
					"$(inherited)",
					"@executable_path/Frameworks",
				);
				MARKETING_VERSION = 1.0.3;
				PRODUCT_BUNDLE_IDENTIFIER = "com.2021.k029.yama.dish-management-new";
				PRODUCT_NAME = "$(TARGET_NAME)";
				SWIFT_EMIT_LOC_STRINGS = YES;
				SWIFT_VERSION = 5.0;
				TARGETED_DEVICE_FAMILY = 1;
			};
			name = Debug;
		};
		E1F00FCA272D4F0900F1C3FA /* Release */ = {
			isa = XCBuildConfiguration;
			buildSettings = {
				ASSETCATALOG_COMPILER_APPICON_NAME = AppIcon;
				ASSETCATALOG_COMPILER_GLOBAL_ACCENT_COLOR_NAME = AccentColor;
				CODE_SIGN_STYLE = Automatic;
				CURRENT_PROJECT_VERSION = 3;
				DEVELOPMENT_TEAM = AX9FAU44AC;
				GENERATE_INFOPLIST_FILE = YES;
				INFOPLIST_FILE = "dish-management/Info.plist";
				INFOPLIST_KEY_CFBundleDisplayName = "つくろく";
				INFOPLIST_KEY_NSPhotoLibraryUsageDescription = "おかずリストに写真を表示するために利用します。\\nアプリを正常に動作させるには、写真へのアクセスを許可してください。";
				INFOPLIST_KEY_UIApplicationSupportsIndirectInputEvents = YES;
				INFOPLIST_KEY_UILaunchStoryboardName = LaunchScreen;
				INFOPLIST_KEY_UIMainStoryboardFile = Main;
				INFOPLIST_KEY_UISupportedInterfaceOrientations = UIInterfaceOrientationPortrait;
				INFOPLIST_KEY_UISupportedInterfaceOrientations_iPad = UIInterfaceOrientationPortrait;
				INFOPLIST_KEY_UISupportedInterfaceOrientations_iPhone = "UIInterfaceOrientationPortrait UIInterfaceOrientationLandscapeLeft UIInterfaceOrientationLandscapeRight";
				INFOPLIST_KEY_UIUserInterfaceStyle = Light;
				IPHONEOS_DEPLOYMENT_TARGET = 13.0;
				LD_RUNPATH_SEARCH_PATHS = (
					"$(inherited)",
					"@executable_path/Frameworks",
				);
				MARKETING_VERSION = 1.0.3;
				PRODUCT_BUNDLE_IDENTIFIER = "com.2021.k029.yama.dish-management-new";
				PRODUCT_NAME = "$(TARGET_NAME)";
				SWIFT_EMIT_LOC_STRINGS = YES;
				SWIFT_VERSION = 5.0;
				TARGETED_DEVICE_FAMILY = 1;
			};
			name = Release;
		};
/* End XCBuildConfiguration section */

/* Begin XCConfigurationList section */
		E1F00FAF272D4F0300F1C3FA /* Build configuration list for PBXProject "dish-management" */ = {
			isa = XCConfigurationList;
			buildConfigurations = (
				E1F00FC6272D4F0900F1C3FA /* Debug */,
				E1F00FC7272D4F0900F1C3FA /* Release */,
			);
			defaultConfigurationIsVisible = 0;
			defaultConfigurationName = Release;
		};
		E1F00FC8272D4F0900F1C3FA /* Build configuration list for PBXNativeTarget "dish-management" */ = {
			isa = XCConfigurationList;
			buildConfigurations = (
				E1F00FC9272D4F0900F1C3FA /* Debug */,
				E1F00FCA272D4F0900F1C3FA /* Release */,
			);
			defaultConfigurationIsVisible = 0;
			defaultConfigurationName = Release;
		};
/* End XCConfigurationList section */

/* Begin XCRemoteSwiftPackageReference section */
		E136CCE627523D0B00F45887 /* XCRemoteSwiftPackageReference "firebase-ios-sdk" */ = {
			isa = XCRemoteSwiftPackageReference;
			repositoryURL = "https://github.com/firebase/firebase-ios-sdk.git";
			requirement = {
				kind = upToNextMajorVersion;
				minimumVersion = 8.0.0;
			};
		};
/* End XCRemoteSwiftPackageReference section */

/* Begin XCSwiftPackageProductDependency section */
		E133B98127B2027800D8005E /* FirebaseStorage */ = {
			isa = XCSwiftPackageProductDependency;
			package = E136CCE627523D0B00F45887 /* XCRemoteSwiftPackageReference "firebase-ios-sdk" */;
			productName = FirebaseStorage;
		};
		E133B98327B2027800D8005E /* FirebaseStorageCombine-Community */ = {
			isa = XCSwiftPackageProductDependency;
			package = E136CCE627523D0B00F45887 /* XCRemoteSwiftPackageReference "firebase-ios-sdk" */;
			productName = "FirebaseStorageCombine-Community";
		};
		E133B98527B2027800D8005E /* FirebaseStorageSwift-Beta */ = {
			isa = XCSwiftPackageProductDependency;
			package = E136CCE627523D0B00F45887 /* XCRemoteSwiftPackageReference "firebase-ios-sdk" */;
			productName = "FirebaseStorageSwift-Beta";
		};
		E136CCE727523D0B00F45887 /* FirebaseAnalytics */ = {
			isa = XCSwiftPackageProductDependency;
			package = E136CCE627523D0B00F45887 /* XCRemoteSwiftPackageReference "firebase-ios-sdk" */;
			productName = FirebaseAnalytics;
		};
		E136CCE927523D0B00F45887 /* FirebaseAuth */ = {
			isa = XCSwiftPackageProductDependency;
			package = E136CCE627523D0B00F45887 /* XCRemoteSwiftPackageReference "firebase-ios-sdk" */;
			productName = FirebaseAuth;
		};
		E1A7349227B10FE70073D899 /* FirebaseFirestore */ = {
			isa = XCSwiftPackageProductDependency;
			package = E136CCE627523D0B00F45887 /* XCRemoteSwiftPackageReference "firebase-ios-sdk" */;
			productName = FirebaseFirestore;
		};
/* End XCSwiftPackageProductDependency section */
	};
	rootObject = E1F00FAC272D4F0300F1C3FA /* Project object */;
}
